
Microsoft Visual Studio Solution File, Format Version 12.00
# Visual Studio Version 17
VisualStudioVersion = 17.5.33516.290
MinimumVisualStudioVersion = 10.0.40219.1
Project("{FAE04EC0-301F-11D3-BF4B-00C04F79EFBC}") = "CSharp_AdvanceTopic", "CSharp_AdvanceTopic\CSharp_AdvanceTopic.csproj", "{AD1ECC24-C270-4B8A-84D1-A54EC20F4215}"
EndProject
Global
	GlobalSection(SolutionConfigurationPlatforms) = preSolution
		Debug|Any CPU = Debug|Any CPU
		Release|Any CPU = Release|Any CPU
	EndGlobalSection
	GlobalSection(ProjectConfigurationPlatforms) = postSolution
		{AD1ECC24-C270-4B8A-84D1-A54EC20F4215}.Debug|Any CPU.ActiveCfg = Debug|Any CPU
		{AD1ECC24-C270-4B8A-84D1-A54EC20F4215}.Debug|Any CPU.Build.0 = Debug|Any CPU
		{AD1ECC24-C270-4B8A-84D1-A54EC20F4215}.Release|Any CPU.ActiveCfg = Release|Any CPU
		{AD1ECC24-C270-4B8A-84D1-A54EC20F4215}.Release|Any CPU.Build.0 = Release|Any CPU
	EndGlobalSection
	GlobalSection(SolutionProperties) = preSolution
		HideSolutionNode = FALSE
	EndGlobalSection
	GlobalSection(ExtensibilityGlobals) = postSolution
		SolutionGuid = {860A7BAE-DBAC-4B56-9A9E-2CF7172D3160}
	EndGlobalSection
EndGlobal
